
Microsoft Visual Studio Solution File, Format Version 12.00
# Visual Studio Version 17
VisualStudioVersion = 17.10.35027.167
MinimumVisualStudioVersion = 10.0.40219.1
Project("{9A19103F-16F7-4668-BE54-9A1E7A4F7556}") = "Olanike", "Olanike\Olanike.csproj", "{BF2B5B73-6B47-4CCC-B1E1-0302C6586AA4}"
EndProject
Project("{2150E333-8FDC-42A3-9474-1A3956D46DE8}") = "Éléments de solution", "Éléments de solution", "{3FE353EF-532E-42A7-9B0B-61F1AA8D42A3}"
EndProject
Global
	GlobalSection(SolutionConfigurationPlatforms) = preSolution
		Debug|Any CPU = Debug|Any CPU
		Release|Any CPU = Release|Any CPU
	EndGlobalSection
	GlobalSection(ProjectConfigurationPlatforms) = postSolution
		{BF2B5B73-6B47-4CCC-B1E1-0302C6586AA4}.Debug|Any CPU.ActiveCfg = Debug|Any CPU
		{BF2B5B73-6B47-4CCC-B1E1-0302C6586AA4}.Debug|Any CPU.Build.0 = Debug|Any CPU
		{BF2B5B73-6B47-4CCC-B1E1-0302C6586AA4}.Release|Any CPU.ActiveCfg = Release|Any CPU
		{BF2B5B73-6B47-4CCC-B1E1-0302C6586AA4}.Release|Any CPU.Build.0 = Release|Any CPU
	EndGlobalSection
	GlobalSection(SolutionProperties) = preSolution
		HideSolutionNode = FALSE
	EndGlobalSection
	GlobalSection(ExtensibilityGlobals) = postSolution
		SolutionGuid = {6B3722D6-87DE-49D7-8ABD-6898033F3FEA}
	EndGlobalSection
EndGlobal
